
Microsoft Visual Studio Solution File, Format Version 12.00
# Visual Studio 15
VisualStudioVersion = 15.0.28010.2003
MinimumVisualStudioVersion = 10.0.40219.1
Project("{FAE04EC0-301F-11D3-BF4B-00C04F79EFBC}") = "Lab08", "Lab08\Lab08.csproj", "{D95847D1-6FC3-492C-A18A-242E5B52A5DD}"
EndProject
Global
	GlobalSection(SolutionConfigurationPlatforms) = preSolution
		Debug|Any CPU = Debug|Any CPU
		Release|Any CPU = Release|Any CPU
	EndGlobalSection
	GlobalSection(ProjectConfigurationPlatforms) = postSolution
		{D95847D1-6FC3-492C-A18A-242E5B52A5DD}.Debug|Any CPU.ActiveCfg = Debug|Any CPU
		{D95847D1-6FC3-492C-A18A-242E5B52A5DD}.Debug|Any CPU.Build.0 = Debug|Any CPU
		{D95847D1-6FC3-492C-A18A-242E5B52A5DD}.Release|Any CPU.ActiveCfg = Release|Any CPU
		{D95847D1-6FC3-492C-A18A-242E5B52A5DD}.Release|Any CPU.Build.0 = Release|Any CPU
	EndGlobalSection
	GlobalSection(SolutionProperties) = preSolution
		HideSolutionNode = FALSE
	EndGlobalSection
	GlobalSection(ExtensibilityGlobals) = postSolution
		SolutionGuid = {A995978E-BDFD-4DF9-BF67-A881BD67D75F}
	EndGlobalSection
EndGlobal
